
Microsoft Visual Studio Solution File, Format Version 12.00
# Visual Studio Version 16
VisualStudioVersion = 16.0.30204.135
MinimumVisualStudioVersion = 10.0.40219.1
Project("{FAE04EC0-301F-11D3-BF4B-00C04F79EFBC}") = "RazorUI", "RazorUI\RazorUI.csproj", "{603819ED-2821-49AF-B9EE-5F4783999170}"
EndProject
Global
	GlobalSection(SolutionConfigurationPlatforms) = preSolution
		Debug|Any CPU = Debug|Any CPU
		Release|Any CPU = Release|Any CPU
	EndGlobalSection
	GlobalSection(ProjectConfigurationPlatforms) = postSolution
		{603819ED-2821-49AF-B9EE-5F4783999170}.Debug|Any CPU.ActiveCfg = Debug|Any CPU
		{603819ED-2821-49AF-B9EE-5F4783999170}.Debug|Any CPU.Build.0 = Debug|Any CPU
		{603819ED-2821-49AF-B9EE-5F4783999170}.Release|Any CPU.ActiveCfg = Release|Any CPU
		{603819ED-2821-49AF-B9EE-5F4783999170}.Release|Any CPU.Build.0 = Release|Any CPU
	EndGlobalSection
	GlobalSection(SolutionProperties) = preSolution
		HideSolutionNode = FALSE
	EndGlobalSection
	GlobalSection(ExtensibilityGlobals) = postSolution
		SolutionGuid = {7B6E4CB1-66A9-46EA-BABE-A4AB7907C266}
	EndGlobalSection
EndGlobal
